// !$*UTF8*$!
{
	archiveVersion = 1;
	classes = {
	};
	objectVersion = 46;
	objects = {

/* Begin PBXBuildFile section */
		A831C84D1D5AEC0E0029255B /* AppDelegate.swift in Sources */ = {isa = PBXBuildFile; fileRef = A831C84C1D5AEC0E0029255B /* AppDelegate.swift */; };
		A831C84F1D5AEC0E0029255B /* ApplicationViewController.swift in Sources */ = {isa = PBXBuildFile; fileRef = A831C84E1D5AEC0E0029255B /* ApplicationViewController.swift */; };
		A831C8511D5AEC0F0029255B /* TermsViewController.swift in Sources */ = {isa = PBXBuildFile; fileRef = A831C8501D5AEC0E0029255B /* TermsViewController.swift */; };
		A831C8541D5AEC0F0029255B /* Main.storyboard in Resources */ = {isa = PBXBuildFile; fileRef = A831C8521D5AEC0F0029255B /* Main.storyboard */; };
		A831C8561D5AEC0F0029255B /* Assets.xcassets in Resources */ = {isa = PBXBuildFile; fileRef = A831C8551D5AEC0F0029255B /* Assets.xcassets */; };
		A831C8591D5AEC0F0029255B /* LaunchScreen.storyboard in Resources */ = {isa = PBXBuildFile; fileRef = A831C8571D5AEC0F0029255B /* LaunchScreen.storyboard */; };
		A831C8611D5AEE8B0029255B /* Podfile in Resources */ = {isa = PBXBuildFile; fileRef = A831C8601D5AEE8B0029255B /* Podfile */; };
		A8459AB31D5DDA3D004E4B0A /* TabBarViewController.swift in Sources */ = {isa = PBXBuildFile; fileRef = A8459AB21D5DDA3D004E4B0A /* TabBarViewController.swift */; };
		A8459AB51D5DDC6C004E4B0A /* CustomTabBar.swift in Sources */ = {isa = PBXBuildFile; fileRef = A8459AB41D5DDC6C004E4B0A /* CustomTabBar.swift */; };
		A8459AB71D5DE53B004E4B0A /* ViewApplicationViewController.swift in Sources */ = {isa = PBXBuildFile; fileRef = A8459AB61D5DE53B004E4B0A /* ViewApplicationViewController.swift */; };
		A88D1BB81D5B2F5700AB578F /* ProfileViewController.swift in Sources */ = {isa = PBXBuildFile; fileRef = A88D1BB71D5B2F5700AB578F /* ProfileViewController.swift */; };
		A88D1BBB1D5B2FC100AB578F /* CourcesViewController.swift in Sources */ = {isa = PBXBuildFile; fileRef = A88D1BBA1D5B2FC100AB578F /* CourcesViewController.swift */; };
		A88D1BBD1D5B4DC400AB578F /* NewApplicationVC.swift in Sources */ = {isa = PBXBuildFile; fileRef = A88D1BBC1D5B4DC400AB578F /* NewApplicationVC.swift */; };
		A8D19BA61D5AF2EF0062F753 /* SalesforceManager.swift in Sources */ = {isa = PBXBuildFile; fileRef = A8D19BA51D5AF2EF0062F753 /* SalesforceManager.swift */; };
		E8F8D1C623C71002DA5D7B9E /* Pods_HEDA_DEMO.framework in Frameworks */ = {isa = PBXBuildFile; fileRef = CF382E7264F77BE0F835D887 /* Pods_HEDA_DEMO.framework */; };
/* End PBXBuildFile section */

/* Begin PBXFileReference section */
		3C35B94E5F2BCB64F856C80D /* Pods-HEDA DEMO.release.xcconfig */ = {isa = PBXFileReference; includeInIndex = 1; lastKnownFileType = text.xcconfig; name = "Pods-HEDA DEMO.release.xcconfig"; path = "Pods/Target Support Files/Pods-HEDA DEMO/Pods-HEDA DEMO.release.xcconfig"; sourceTree = "<group>"; };
		75760EE84E3C9878B813AA9E /* Pods-HEDA DEMO.debug.xcconfig */ = {isa = PBXFileReference; includeInIndex = 1; lastKnownFileType = text.xcconfig; name = "Pods-HEDA DEMO.debug.xcconfig"; path = "Pods/Target Support Files/Pods-HEDA DEMO/Pods-HEDA DEMO.debug.xcconfig"; sourceTree = "<group>"; };
		A831C8491D5AEC0C0029255B /* HEDA DEMO.app */ = {isa = PBXFileReference; explicitFileType = wrapper.application; includeInIndex = 0; path = "HEDA DEMO.app"; sourceTree = BUILT_PRODUCTS_DIR; };
		A831C84C1D5AEC0E0029255B /* AppDelegate.swift */ = {isa = PBXFileReference; lastKnownFileType = sourcecode.swift; path = AppDelegate.swift; sourceTree = "<group>"; };
		A831C84E1D5AEC0E0029255B /* ApplicationViewController.swift */ = {isa = PBXFileReference; lastKnownFileType = sourcecode.swift; path = ApplicationViewController.swift; sourceTree = "<group>"; };
		A831C8501D5AEC0E0029255B /* TermsViewController.swift */ = {isa = PBXFileReference; lastKnownFileType = sourcecode.swift; path = TermsViewController.swift; sourceTree = "<group>"; };
		A831C8531D5AEC0F0029255B /* Base */ = {isa = PBXFileReference; lastKnownFileType = file.storyboard; name = Base; path = Base.lproj/Main.storyboard; sourceTree = "<group>"; };
		A831C8551D5AEC0F0029255B /* Assets.xcassets */ = {isa = PBXFileReference; lastKnownFileType = folder.assetcatalog; path = Assets.xcassets; sourceTree = "<group>"; };
		A831C8581D5AEC0F0029255B /* Base */ = {isa = PBXFileReference; lastKnownFileType = file.storyboard; name = Base; path = Base.lproj/LaunchScreen.storyboard; sourceTree = "<group>"; };
		A831C85A1D5AEC0F0029255B /* Info.plist */ = {isa = PBXFileReference; lastKnownFileType = text.plist.xml; path = Info.plist; sourceTree = "<group>"; };
		A831C8601D5AEE8B0029255B /* Podfile */ = {isa = PBXFileReference; fileEncoding = 4; lastKnownFileType = text; path = Podfile; sourceTree = "<group>"; xcLanguageSpecificationIdentifier = xcode.lang.ruby; };
		A8459AB21D5DDA3D004E4B0A /* TabBarViewController.swift */ = {isa = PBXFileReference; fileEncoding = 4; lastKnownFileType = sourcecode.swift; path = TabBarViewController.swift; sourceTree = "<group>"; };
		A8459AB41D5DDC6C004E4B0A /* CustomTabBar.swift */ = {isa = PBXFileReference; fileEncoding = 4; lastKnownFileType = sourcecode.swift; path = CustomTabBar.swift; sourceTree = "<group>"; };
		A8459AB61D5DE53B004E4B0A /* ViewApplicationViewController.swift */ = {isa = PBXFileReference; fileEncoding = 4; lastKnownFileType = sourcecode.swift; path = ViewApplicationViewController.swift; sourceTree = "<group>"; };
		A88D1BB71D5B2F5700AB578F /* ProfileViewController.swift */ = {isa = PBXFileReference; fileEncoding = 4; lastKnownFileType = sourcecode.swift; path = ProfileViewController.swift; sourceTree = "<group>"; };
		A88D1BBA1D5B2FC100AB578F /* CourcesViewController.swift */ = {isa = PBXFileReference; fileEncoding = 4; lastKnownFileType = sourcecode.swift; path = CourcesViewController.swift; sourceTree = "<group>"; };
		A88D1BBC1D5B4DC400AB578F /* NewApplicationVC.swift */ = {isa = PBXFileReference; fileEncoding = 4; lastKnownFileType = sourcecode.swift; path = NewApplicationVC.swift; sourceTree = "<group>"; };
		A8D19BA51D5AF2EF0062F753 /* SalesforceManager.swift */ = {isa = PBXFileReference; fileEncoding = 4; lastKnownFileType = sourcecode.swift; path = SalesforceManager.swift; sourceTree = "<group>"; };
		CF382E7264F77BE0F835D887 /* Pods_HEDA_DEMO.framework */ = {isa = PBXFileReference; explicitFileType = wrapper.framework; includeInIndex = 0; path = Pods_HEDA_DEMO.framework; sourceTree = BUILT_PRODUCTS_DIR; };
/* End PBXFileReference section */

/* Begin PBXFrameworksBuildPhase section */
		A831C8461D5AEC0C0029255B /* Frameworks */ = {
			isa = PBXFrameworksBuildPhase;
			buildActionMask = 2147483647;
			files = (
				E8F8D1C623C71002DA5D7B9E /* Pods_HEDA_DEMO.framework in Frameworks */,
			);
			runOnlyForDeploymentPostprocessing = 0;
		};
/* End PBXFrameworksBuildPhase section */

/* Begin PBXGroup section */
		84EC8CA394FB37F99E46F1C1 /* Frameworks */ = {
			isa = PBXGroup;
			children = (
				CF382E7264F77BE0F835D887 /* Pods_HEDA_DEMO.framework */,
			);
			name = Frameworks;
			sourceTree = "<group>";
		};
		A831C8401D5AEC0B0029255B = {
			isa = PBXGroup;
			children = (
				A831C8601D5AEE8B0029255B /* Podfile */,
				A831C84B1D5AEC0D0029255B /* HEDA DEMO */,
				A831C84A1D5AEC0C0029255B /* Products */,
				B5FFF3BFE05C3DC8FEE3F8E4 /* Pods */,
				84EC8CA394FB37F99E46F1C1 /* Frameworks */,
			);
			sourceTree = "<group>";
		};
		A831C84A1D5AEC0C0029255B /* Products */ = {
			isa = PBXGroup;
			children = (
				A831C8491D5AEC0C0029255B /* HEDA DEMO.app */,
			);
			name = Products;
			sourceTree = "<group>";
		};
		A831C84B1D5AEC0D0029255B /* HEDA DEMO */ = {
			isa = PBXGroup;
			children = (
				A88D1BB91D5B2F6000AB578F /* Tabs */,
				A831C84C1D5AEC0E0029255B /* AppDelegate.swift */,
				A8D19BA51D5AF2EF0062F753 /* SalesforceManager.swift */,
				A831C8521D5AEC0F0029255B /* Main.storyboard */,
				A831C8551D5AEC0F0029255B /* Assets.xcassets */,
				A831C8571D5AEC0F0029255B /* LaunchScreen.storyboard */,
				A831C85A1D5AEC0F0029255B /* Info.plist */,
				A88D1BBC1D5B4DC400AB578F /* NewApplicationVC.swift */,
				A8459AB21D5DDA3D004E4B0A /* TabBarViewController.swift */,
				A8459AB41D5DDC6C004E4B0A /* CustomTabBar.swift */,
				A8459AB61D5DE53B004E4B0A /* ViewApplicationViewController.swift */,
			);
			path = "HEDA DEMO";
			sourceTree = "<group>";
		};
		A88D1BB91D5B2F6000AB578F /* Tabs */ = {
			isa = PBXGroup;
			children = (
				A88D1BB71D5B2F5700AB578F /* ProfileViewController.swift */,
				A831C84E1D5AEC0E0029255B /* ApplicationViewController.swift */,
				A88D1BBA1D5B2FC100AB578F /* CourcesViewController.swift */,
				A831C8501D5AEC0E0029255B /* TermsViewController.swift */,
			);
			name = Tabs;
			sourceTree = "<group>";
		};
		B5FFF3BFE05C3DC8FEE3F8E4 /* Pods */ = {
			isa = PBXGroup;
			children = (
				75760EE84E3C9878B813AA9E /* Pods-HEDA DEMO.debug.xcconfig */,
				3C35B94E5F2BCB64F856C80D /* Pods-HEDA DEMO.release.xcconfig */,
			);
			name = Pods;
			sourceTree = "<group>";
		};
/* End PBXGroup section */

/* Begin PBXNativeTarget section */
		A831C8481D5AEC0C0029255B /* HEDA DEMO */ = {
			isa = PBXNativeTarget;
			buildConfigurationList = A831C85D1D5AEC0F0029255B /* Build configuration list for PBXNativeTarget "HEDA DEMO" */;
			buildPhases = (
				EDB99D0D145D47642E52DF25 /* [CP] Check Pods Manifest.lock */,
				A831C8451D5AEC0C0029255B /* Sources */,
				A831C8461D5AEC0C0029255B /* Frameworks */,
				A831C8471D5AEC0C0029255B /* Resources */,
				218F5792E86916D774B7D98F /* [CP] Embed Pods Frameworks */,
				97092075C375657820BFD5B3 /* [CP] Copy Pods Resources */,
			);
			buildRules = (
			);
			dependencies = (
			);
			name = "HEDA DEMO";
			productName = "HEDA DEMO";
			productReference = A831C8491D5AEC0C0029255B /* HEDA DEMO.app */;
			productType = "com.apple.product-type.application";
		};
/* End PBXNativeTarget section */

/* Begin PBXProject section */
		A831C8411D5AEC0B0029255B /* Project object */ = {
			isa = PBXProject;
			attributes = {
				LastSwiftUpdateCheck = 0730;
				LastUpgradeCheck = 0730;
				ORGANIZATIONNAME = "MST SOLUTIONS PRIVATE LIMITED";
				TargetAttributes = {
					A831C8481D5AEC0C0029255B = {
						CreatedOnToolsVersion = 7.3.1;
					};
				};
			};
			buildConfigurationList = A831C8441D5AEC0B0029255B /* Build configuration list for PBXProject "HEDA DEMO" */;
			compatibilityVersion = "Xcode 3.2";
			developmentRegion = English;
			hasScannedForEncodings = 0;
			knownRegions = (
				en,
				Base,
			);
			mainGroup = A831C8401D5AEC0B0029255B;
			productRefGroup = A831C84A1D5AEC0C0029255B /* Products */;
			projectDirPath = "";
			projectRoot = "";
			targets = (
				A831C8481D5AEC0C0029255B /* HEDA DEMO */,
			);
		};
/* End PBXProject section */

/* Begin PBXResourcesBuildPhase section */
		A831C8471D5AEC0C0029255B /* Resources */ = {
			isa = PBXResourcesBuildPhase;
			buildActionMask = 2147483647;
			files = (
				A831C8591D5AEC0F0029255B /* LaunchScreen.storyboard in Resources */,
				A831C8561D5AEC0F0029255B /* Assets.xcassets in Resources */,
				A831C8611D5AEE8B0029255B /* Podfile in Resources */,
				A831C8541D5AEC0F0029255B /* Main.storyboard in Resources */,
			);
			runOnlyForDeploymentPostprocessing = 0;
		};
/* End PBXResourcesBuildPhase section */

/* Begin PBXShellScriptBuildPhase section */
		218F5792E86916D774B7D98F /* [CP] Embed Pods Frameworks */ = {
			isa = PBXShellScriptBuildPhase;
			buildActionMask = 2147483647;
			files = (
			);
			inputPaths = (
			);
			name = "[CP] Embed Pods Frameworks";
			outputPaths = (
			);
			runOnlyForDeploymentPostprocessing = 0;
			shellPath = /bin/sh;
			shellScript = "\"${SRCROOT}/Pods/Target Support Files/Pods-HEDA DEMO/Pods-HEDA DEMO-frameworks.sh\"\n";
			showEnvVarsInLog = 0;
		};
		97092075C375657820BFD5B3 /* [CP] Copy Pods Resources */ = {
			isa = PBXShellScriptBuildPhase;
			buildActionMask = 2147483647;
			files = (
			);
			inputPaths = (
			);
			name = "[CP] Copy Pods Resources";
			outputPaths = (
			);
			runOnlyForDeploymentPostprocessing = 0;
			shellPath = /bin/sh;
			shellScript = "\"${SRCROOT}/Pods/Target Support Files/Pods-HEDA DEMO/Pods-HEDA DEMO-resources.sh\"\n";
			showEnvVarsInLog = 0;
		};
		EDB99D0D145D47642E52DF25 /* [CP] Check Pods Manifest.lock */ = {
			isa = PBXShellScriptBuildPhase;
			buildActionMask = 2147483647;
			files = (
			);
			inputPaths = (
			);
			name = "[CP] Check Pods Manifest.lock";
			outputPaths = (
			);
			runOnlyForDeploymentPostprocessing = 0;
			shellPath = /bin/sh;
			shellScript = "diff \"${PODS_ROOT}/../Podfile.lock\" \"${PODS_ROOT}/Manifest.lock\" > /dev/null\nif [[ $? != 0 ]] ; then\n    cat << EOM\nerror: The sandbox is not in sync with the Podfile.lock. Run 'pod install' or update your CocoaPods installation.\nEOM\n    exit 1\nfi\n";
			showEnvVarsInLog = 0;
		};
/* End PBXShellScriptBuildPhase section */

/* Begin PBXSourcesBuildPhase section */
		A831C8451D5AEC0C0029255B /* Sources */ = {
			isa = PBXSourcesBuildPhase;
			buildActionMask = 2147483647;
			files = (
				A8459AB71D5DE53B004E4B0A /* ViewApplicationViewController.swift in Sources */,
				A8459AB31D5DDA3D004E4B0A /* TabBarViewController.swift in Sources */,
				A8D19BA61D5AF2EF0062F753 /* SalesforceManager.swift in Sources */,
				A88D1BBD1D5B4DC400AB578F /* NewApplicationVC.swift in Sources */,
				A831C8511D5AEC0F0029255B /* TermsViewController.swift in Sources */,
				A8459AB51D5DDC6C004E4B0A /* CustomTabBar.swift in Sources */,
				A88D1BB81D5B2F5700AB578F /* ProfileViewController.swift in Sources */,
				A88D1BBB1D5B2FC100AB578F /* CourcesViewController.swift in Sources */,
				A831C84D1D5AEC0E0029255B /* AppDelegate.swift in Sources */,
				A831C84F1D5AEC0E0029255B /* ApplicationViewController.swift in Sources */,
			);
			runOnlyForDeploymentPostprocessing = 0;
		};
/* End PBXSourcesBuildPhase section */

/* Begin PBXVariantGroup section */
		A831C8521D5AEC0F0029255B /* Main.storyboard */ = {
			isa = PBXVariantGroup;
			children = (
				A831C8531D5AEC0F0029255B /* Base */,
			);
			name = Main.storyboard;
			sourceTree = "<group>";
		};
		A831C8571D5AEC0F0029255B /* LaunchScreen.storyboard */ = {
			isa = PBXVariantGroup;
			children = (
				A831C8581D5AEC0F0029255B /* Base */,
			);
			name = LaunchScreen.storyboard;
			sourceTree = "<group>";
		};
/* End PBXVariantGroup section */

/* Begin XCBuildConfiguration section */
		A831C85B1D5AEC0F0029255B /* Debug */ = {
			isa = XCBuildConfiguration;
			buildSettings = {
				ALWAYS_SEARCH_USER_PATHS = NO;
				CLANG_ANALYZER_NONNULL = YES;
				CLANG_CXX_LANGUAGE_STANDARD = "gnu++0x";
				CLANG_CXX_LIBRARY = "libc++";
				CLANG_ENABLE_MODULES = YES;
				CLANG_ENABLE_OBJC_ARC = YES;
				CLANG_WARN_BOOL_CONVERSION = YES;
				CLANG_WARN_CONSTANT_CONVERSION = YES;
				CLANG_WARN_DIRECT_OBJC_ISA_USAGE = YES_ERROR;
				CLANG_WARN_EMPTY_BODY = YES;
				CLANG_WARN_ENUM_CONVERSION = YES;
				CLANG_WARN_INT_CONVERSION = YES;
				CLANG_WARN_OBJC_ROOT_CLASS = YES_ERROR;
				CLANG_WARN_UNREACHABLE_CODE = YES;
				CLANG_WARN__DUPLICATE_METHOD_MATCH = YES;
				"CODE_SIGN_IDENTITY[sdk=iphoneos*]" = "iPhone Developer";
				COPY_PHASE_STRIP = NO;
				DEBUG_INFORMATION_FORMAT = dwarf;
				ENABLE_STRICT_OBJC_MSGSEND = YES;
				ENABLE_TESTABILITY = YES;
				GCC_C_LANGUAGE_STANDARD = gnu99;
				GCC_DYNAMIC_NO_PIC = NO;
				GCC_NO_COMMON_BLOCKS = YES;
				GCC_OPTIMIZATION_LEVEL = 0;
				GCC_PREPROCESSOR_DEFINITIONS = (
					"DEBUG=1",
					"$(inherited)",
				);
				GCC_WARN_64_TO_32_BIT_CONVERSION = YES;
				GCC_WARN_ABOUT_RETURN_TYPE = YES_ERROR;
				GCC_WARN_UNDECLARED_SELECTOR = YES;
				GCC_WARN_UNINITIALIZED_AUTOS = YES_AGGRESSIVE;
				GCC_WARN_UNUSED_FUNCTION = YES;
				GCC_WARN_UNUSED_VARIABLE = YES;
				IPHONEOS_DEPLOYMENT_TARGET = 9.3;
				MTL_ENABLE_DEBUG_INFO = YES;
				ONLY_ACTIVE_ARCH = YES;
				SDKROOT = iphoneos;
				SWIFT_OPTIMIZATION_LEVEL = "-Onone";
				TARGETED_DEVICE_FAMILY = "1,2";
			};
			name = Debug;
		};
		A831C85C1D5AEC0F0029255B /* Release */ = {
			isa = XCBuildConfiguration;
			buildSettings = {
				ALWAYS_SEARCH_USER_PATHS = NO;
				CLANG_ANALYZER_NONNULL = YES;
				CLANG_CXX_LANGUAGE_STANDARD = "gnu++0x";
				CLANG_CXX_LIBRARY = "libc++";
				CLANG_ENABLE_MODULES = YES;
				CLANG_ENABLE_OBJC_ARC = YES;
				CLANG_WARN_BOOL_CONVERSION = YES;
				CLANG_WARN_CONSTANT_CONVERSION = YES;
				CLANG_WARN_DIRECT_OBJC_ISA_USAGE = YES_ERROR;
				CLANG_WARN_EMPTY_BODY = YES;
				CLANG_WARN_ENUM_CONVERSION = YES;
				CLANG_WARN_INT_CONVERSION = YES;
				CLANG_WARN_OBJC_ROOT_CLASS = YES_ERROR;
				CLANG_WARN_UNREACHABLE_CODE = YES;
				CLANG_WARN__DUPLICATE_METHOD_MATCH = YES;
				"CODE_SIGN_IDENTITY[sdk=iphoneos*]" = "iPhone Developer";
				COPY_PHASE_STRIP = NO;
				DEBUG_INFORMATION_FORMAT = "dwarf-with-dsym";
				ENABLE_NS_ASSERTIONS = NO;
				ENABLE_STRICT_OBJC_MSGSEND = YES;
				GCC_C_LANGUAGE_STANDARD = gnu99;
				GCC_NO_COMMON_BLOCKS = YES;
				GCC_WARN_64_TO_32_BIT_CONVERSION = YES;
				GCC_WARN_ABOUT_RETURN_TYPE = YES_ERROR;
				GCC_WARN_UNDECLARED_SELECTOR = YES;
				GCC_WARN_UNINITIALIZED_AUTOS = YES_AGGRESSIVE;
				GCC_WARN_UNUSED_FUNCTION = YES;
				GCC_WARN_UNUSED_VARIABLE = YES;
				IPHONEOS_DEPLOYMENT_TARGET = 9.3;
				MTL_ENABLE_DEBUG_INFO = NO;
				SDKROOT = iphoneos;
				TARGETED_DEVICE_FAMILY = "1,2";
				VALIDATE_PRODUCT = YES;
			};
			name = Release;
		};
		A831C85E1D5AEC0F0029255B /* Debug */ = {
			isa = XCBuildConfiguration;
			baseConfigurationReference = 75760EE84E3C9878B813AA9E /* Pods-HEDA DEMO.debug.xcconfig */;
			buildSettings = {
				ASSETCATALOG_COMPILER_APPICON_NAME = AppIcon;
				INFOPLIST_FILE = "HEDA DEMO/Info.plist";
				LD_RUNPATH_SEARCH_PATHS = "$(inherited) @executable_path/Frameworks";
				PRODUCT_BUNDLE_IDENTIFIER = "com.mstsolutions.poc.HEDA-DEMO";
				PRODUCT_NAME = "$(TARGET_NAME)";
			};
			name = Debug;
		};
		A831C85F1D5AEC0F0029255B /* Release */ = {
			isa = XCBuildConfiguration;
			baseConfigurationReference = 3C35B94E5F2BCB64F856C80D /* Pods-HEDA DEMO.release.xcconfig */;
			buildSettings = {
				ASSETCATALOG_COMPILER_APPICON_NAME = AppIcon;
				INFOPLIST_FILE = "HEDA DEMO/Info.plist";
				LD_RUNPATH_SEARCH_PATHS = "$(inherited) @executable_path/Frameworks";
				PRODUCT_BUNDLE_IDENTIFIER = "com.mstsolutions.poc.HEDA-DEMO";
				PRODUCT_NAME = "$(TARGET_NAME)";
			};
			name = Release;
		};
/* End XCBuildConfiguration section */

/* Begin XCConfigurationList section */
		A831C8441D5AEC0B0029255B /* Build configuration list for PBXProject "HEDA DEMO" */ = {
			isa = XCConfigurationList;
			buildConfigurations = (
				A831C85B1D5AEC0F0029255B /* Debug */,
				A831C85C1D5AEC0F0029255B /* Release */,
			);
			defaultConfigurationIsVisible = 0;
			defaultConfigurationName = Release;
		};
		A831C85D1D5AEC0F0029255B /* Build configuration list for PBXNativeTarget "HEDA DEMO" */ = {
			isa = XCConfigurationList;
			buildConfigurations = (
				A831C85E1D5AEC0F0029255B /* Debug */,
				A831C85F1D5AEC0F0029255B /* Release */,
			);
			defaultConfigurationIsVisible = 0;
			defaultConfigurationName = Release;
		};
/* End XCConfigurationList section */
	};
	rootObject = A831C8411D5AEC0B0029255B /* Project object */;
}
